
Microsoft Visual Studio Solution File, Format Version 12.00
# Visual Studio Version 17
VisualStudioVersion = 17.14.36623.8 d17.14
MinimumVisualStudioVersion = 10.0.40219.1
Project("{FAE04EC0-301F-11D3-BF4B-00C04F79EFBC}") = "Aon.Application", "src\Aon.Application\Aon.Application.csproj", "{9307EB96-B33C-CBB0-B01A-4CE44E66CCC5}"
EndProject
Project("{FAE04EC0-301F-11D3-BF4B-00C04F79EFBC}") = "Aon.Content", "src\Aon.Content\Aon.Content.csproj", "{3240044D-D0F9-528F-E2AA-DD7422F44551}"
EndProject
Project("{FAE04EC0-301F-11D3-BF4B-00C04F79EFBC}") = "Aon.Core", "src\Aon.Core\Aon.Core.csproj", "{0933B6EB-8847-AEA8-7C86-04899887FE16}"
EndProject
Project("{FAE04EC0-301F-11D3-BF4B-00C04F79EFBC}") = "Aon.Desktop.Wpf", "src\Aon.Desktop.Wpf\Aon.Desktop.Wpf.csproj", "{E31D9CA6-F961-563D-7C07-3587A079AF30}"
EndProject
Project("{FAE04EC0-301F-11D3-BF4B-00C04F79EFBC}") = "Aon.Persistence", "src\Aon.Persistence\Aon.Persistence.csproj", "{4C78D95D-107D-D762-F02E-AFF1F5B47DB0}"
EndProject
Project("{FAE04EC0-301F-11D3-BF4B-00C04F79EFBC}") = "Aon.Rules", "src\Aon.Rules\Aon.Rules.csproj", "{AF0994A9-6C9A-380B-A76C-AC9904F92240}"
EndProject
Project("{FAE04EC0-301F-11D3-BF4B-00C04F79EFBC}") = "Aon.Tools.BookImporter", "src\Aon.Tools.BookImporter\Aon.Tools.BookImporter.csproj", "{6EB65F13-5684-4127-5C9B-B96698D65CCE}"
EndProject
Project("{FAE04EC0-301F-11D3-BF4B-00C04F79EFBC}") = "Aon.Tools.SeriesValidator", "src\Aon.Tools.SeriesValidator\Aon.Tools.SeriesValidator.csproj", "{80FDD8E5-E01A-4BA9-939E-66A35BDF6D3E}"
EndProject
Global
	GlobalSection(SolutionConfigurationPlatforms) = preSolution
		Debug|Any CPU = Debug|Any CPU
		Release|Any CPU = Release|Any CPU
	EndGlobalSection
	GlobalSection(ProjectConfigurationPlatforms) = postSolution
		{9307EB96-B33C-CBB0-B01A-4CE44E66CCC5}.Debug|Any CPU.ActiveCfg = Debug|Any CPU
		{9307EB96-B33C-CBB0-B01A-4CE44E66CCC5}.Debug|Any CPU.Build.0 = Debug|Any CPU
		{9307EB96-B33C-CBB0-B01A-4CE44E66CCC5}.Release|Any CPU.ActiveCfg = Release|Any CPU
		{9307EB96-B33C-CBB0-B01A-4CE44E66CCC5}.Release|Any CPU.Build.0 = Release|Any CPU
		{3240044D-D0F9-528F-E2AA-DD7422F44551}.Debug|Any CPU.ActiveCfg = Debug|Any CPU
		{3240044D-D0F9-528F-E2AA-DD7422F44551}.Debug|Any CPU.Build.0 = Debug|Any CPU
		{3240044D-D0F9-528F-E2AA-DD7422F44551}.Release|Any CPU.ActiveCfg = Release|Any CPU
		{3240044D-D0F9-528F-E2AA-DD7422F44551}.Release|Any CPU.Build.0 = Release|Any CPU
		{0933B6EB-8847-AEA8-7C86-04899887FE16}.Debug|Any CPU.ActiveCfg = Debug|Any CPU
		{0933B6EB-8847-AEA8-7C86-04899887FE16}.Debug|Any CPU.Build.0 = Debug|Any CPU
		{0933B6EB-8847-AEA8-7C86-04899887FE16}.Release|Any CPU.ActiveCfg = Release|Any CPU
		{0933B6EB-8847-AEA8-7C86-04899887FE16}.Release|Any CPU.Build.0 = Release|Any CPU
		{E31D9CA6-F961-563D-7C07-3587A079AF30}.Debug|Any CPU.ActiveCfg = Debug|Any CPU
		{E31D9CA6-F961-563D-7C07-3587A079AF30}.Debug|Any CPU.Build.0 = Debug|Any CPU
		{E31D9CA6-F961-563D-7C07-3587A079AF30}.Release|Any CPU.ActiveCfg = Release|Any CPU
		{E31D9CA6-F961-563D-7C07-3587A079AF30}.Release|Any CPU.Build.0 = Release|Any CPU
		{4C78D95D-107D-D762-F02E-AFF1F5B47DB0}.Debug|Any CPU.ActiveCfg = Debug|Any CPU
		{4C78D95D-107D-D762-F02E-AFF1F5B47DB0}.Debug|Any CPU.Build.0 = Debug|Any CPU
		{4C78D95D-107D-D762-F02E-AFF1F5B47DB0}.Release|Any CPU.ActiveCfg = Release|Any CPU
		{4C78D95D-107D-D762-F02E-AFF1F5B47DB0}.Release|Any CPU.Build.0 = Release|Any CPU
		{AF0994A9-6C9A-380B-A76C-AC9904F92240}.Debug|Any CPU.ActiveCfg = Debug|Any CPU
		{AF0994A9-6C9A-380B-A76C-AC9904F92240}.Debug|Any CPU.Build.0 = Debug|Any CPU
		{AF0994A9-6C9A-380B-A76C-AC9904F92240}.Release|Any CPU.ActiveCfg = Release|Any CPU
		{AF0994A9-6C9A-380B-A76C-AC9904F92240}.Release|Any CPU.Build.0 = Release|Any CPU
		{6EB65F13-5684-4127-5C9B-B96698D65CCE}.Debug|Any CPU.ActiveCfg = Debug|Any CPU
		{6EB65F13-5684-4127-5C9B-B96698D65CCE}.Debug|Any CPU.Build.0 = Debug|Any CPU
		{6EB65F13-5684-4127-5C9B-B96698D65CCE}.Release|Any CPU.ActiveCfg = Release|Any CPU
		{6EB65F13-5684-4127-5C9B-B96698D65CCE}.Release|Any CPU.Build.0 = Release|Any CPU
		{80FDD8E5-E01A-4BA9-939E-66A35BDF6D3E}.Debug|Any CPU.ActiveCfg = Debug|Any CPU
		{80FDD8E5-E01A-4BA9-939E-66A35BDF6D3E}.Debug|Any CPU.Build.0 = Debug|Any CPU
		{80FDD8E5-E01A-4BA9-939E-66A35BDF6D3E}.Release|Any CPU.ActiveCfg = Release|Any CPU
		{80FDD8E5-E01A-4BA9-939E-66A35BDF6D3E}.Release|Any CPU.Build.0 = Release|Any CPU
	EndGlobalSection
	GlobalSection(SolutionProperties) = preSolution
		HideSolutionNode = FALSE
	EndGlobalSection
	GlobalSection(ExtensibilityGlobals) = postSolution
		SolutionGuid = {C82CDA8B-29EF-437D-AD7C-907792D139AD}
	EndGlobalSection
EndGlobal
