Microsoft Visual Studio Solution File, Format Version 12.00
# Visual Studio Version 17
VisualStudioVersion = 17.14.36623.8 d17.14
MinimumVisualStudioVersion = 10.0.40219.1
Project("{9A19103F-16F7-4668-BE54-9A1E7A4F7556}") = "Aon.Core", "src\\Aon.Core\\Aon.Core.csproj", "{EA39CAB5-FD43-44E7-AEFC-9295CF12B398}"
EndProject
Project("{9A19103F-16F7-4668-BE54-9A1E7A4F7556}") = "Aon.Rules", "src\\Aon.Rules\\Aon.Rules.csproj", "{0EA254D6-76C2-4545-A988-5C842B99D60A}"
EndProject
Project("{9A19103F-16F7-4668-BE54-9A1E7A4F7556}") = "Aon.Content", "src\\Aon.Content\\Aon.Content.csproj", "{5E24BF9D-9FD1-4042-8D22-F34429945A97}"
EndProject
Project("{9A19103F-16F7-4668-BE54-9A1E7A4F7556}") = "Aon.Persistence", "src\\Aon.Persistence\\Aon.Persistence.csproj", "{D0CB6E22-1694-49BD-AC42-DCFB7B565027}"
EndProject
Project("{9A19103F-16F7-4668-BE54-9A1E7A4F7556}") = "Aon.Application", "src\\Aon.Application\\Aon.Application.csproj", "{67C35453-9BCC-40BB-9CFA-1EAD92A040CC}"
EndProject
Project("{9A19103F-16F7-4668-BE54-9A1E7A4F7556}") = "Aon.Desktop.Wpf", "src\\Aon.Desktop.Wpf\\Aon.Desktop.Wpf.csproj", "{B65DC933-0E39-4445-BACB-B1672615BE90}"
EndProject
Project("{9A19103F-16F7-4668-BE54-9A1E7A4F7556}") = "Aon.Tools.BookImporter", "src\\Aon.Tools.BookImporter\\Aon.Tools.BookImporter.csproj", "{0DB39A0F-43E1-4A5A-94B8-650FB554F78E}"
EndProject
Project("{66A26720-8FB5-11D2-AA7E-00C04F688DDE}") = "Core", "Core", "{2EE2F270-972C-4122-A1DA-06C84A9256D1}"
EndProject
Project("{66A26720-8FB5-11D2-AA7E-00C04F688DDE}") = "Application", "Application", "{66CFA479-34CE-44E8-83FC-9926DBB13D68}"
EndProject
Project("{66A26720-8FB5-11D2-AA7E-00C04F688DDE}") = "Infrastructure", "Infrastructure", "{6BF39166-34C6-41BB-A88D-BD6CA577816A}"
EndProject
Project("{66A26720-8FB5-11D2-AA7E-00C04F688DDE}") = "UI", "UI", "{CCF0C1FE-B1A4-4C8D-8C82-4311164A0082}"
EndProject
Project("{66A26720-8FB5-11D2-AA7E-00C04F688DDE}") = "Tools", "Tools", "{84353406-CB26-4516-A3AE-391C1D613819}"
EndProject
Global
	GlobalSection(SolutionConfigurationPlatforms) = preSolution
		Debug|Any CPU = Debug|Any CPU
		Release|Any CPU = Release|Any CPU
	EndGlobalSection
	GlobalSection(ProjectConfigurationPlatforms) = postSolution
		{EA39CAB5-FD43-44E7-AEFC-9295CF12B398}.Debug|Any CPU.ActiveCfg = Debug|Any CPU
		{EA39CAB5-FD43-44E7-AEFC-9295CF12B398}.Debug|Any CPU.Build.0 = Debug|Any CPU
		{EA39CAB5-FD43-44E7-AEFC-9295CF12B398}.Release|Any CPU.ActiveCfg = Release|Any CPU
		{EA39CAB5-FD43-44E7-AEFC-9295CF12B398}.Release|Any CPU.Build.0 = Release|Any CPU
		{0EA254D6-76C2-4545-A988-5C842B99D60A}.Debug|Any CPU.ActiveCfg = Debug|Any CPU
		{0EA254D6-76C2-4545-A988-5C842B99D60A}.Debug|Any CPU.Build.0 = Debug|Any CPU
		{0EA254D6-76C2-4545-A988-5C842B99D60A}.Release|Any CPU.ActiveCfg = Release|Any CPU
		{0EA254D6-76C2-4545-A988-5C842B99D60A}.Release|Any CPU.Build.0 = Release|Any CPU
		{5E24BF9D-9FD1-4042-8D22-F34429945A97}.Debug|Any CPU.ActiveCfg = Debug|Any CPU
		{5E24BF9D-9FD1-4042-8D22-F34429945A97}.Debug|Any CPU.Build.0 = Debug|Any CPU
		{5E24BF9D-9FD1-4042-8D22-F34429945A97}.Release|Any CPU.ActiveCfg = Release|Any CPU
		{5E24BF9D-9FD1-4042-8D22-F34429945A97}.Release|Any CPU.Build.0 = Release|Any CPU
		{D0CB6E22-1694-49BD-AC42-DCFB7B565027}.Debug|Any CPU.ActiveCfg = Debug|Any CPU
		{D0CB6E22-1694-49BD-AC42-DCFB7B565027}.Debug|Any CPU.Build.0 = Debug|Any CPU
		{D0CB6E22-1694-49BD-AC42-DCFB7B565027}.Release|Any CPU.ActiveCfg = Release|Any CPU
		{D0CB6E22-1694-49BD-AC42-DCFB7B565027}.Release|Any CPU.Build.0 = Release|Any CPU
		{67C35453-9BCC-40BB-9CFA-1EAD92A040CC}.Debug|Any CPU.ActiveCfg = Debug|Any CPU
		{67C35453-9BCC-40BB-9CFA-1EAD92A040CC}.Debug|Any CPU.Build.0 = Debug|Any CPU
		{67C35453-9BCC-40BB-9CFA-1EAD92A040CC}.Release|Any CPU.ActiveCfg = Release|Any CPU
		{67C35453-9BCC-40BB-9CFA-1EAD92A040CC}.Release|Any CPU.Build.0 = Release|Any CPU
		{B65DC933-0E39-4445-BACB-B1672615BE90}.Debug|Any CPU.ActiveCfg = Debug|Any CPU
		{B65DC933-0E39-4445-BACB-B1672615BE90}.Debug|Any CPU.Build.0 = Debug|Any CPU
		{B65DC933-0E39-4445-BACB-B1672615BE90}.Release|Any CPU.ActiveCfg = Release|Any CPU
		{B65DC933-0E39-4445-BACB-B1672615BE90}.Release|Any CPU.Build.0 = Release|Any CPU
		{0DB39A0F-43E1-4A5A-94B8-650FB554F78E}.Debug|Any CPU.ActiveCfg = Debug|Any CPU
		{0DB39A0F-43E1-4A5A-94B8-650FB554F78E}.Debug|Any CPU.Build.0 = Debug|Any CPU
		{0DB39A0F-43E1-4A5A-94B8-650FB554F78E}.Release|Any CPU.ActiveCfg = Release|Any CPU
		{0DB39A0F-43E1-4A5A-94B8-650FB554F78E}.Release|Any CPU.Build.0 = Release|Any CPU
	EndGlobalSection
	GlobalSection(SolutionProperties) = preSolution
		HideSolutionNode = FALSE
	EndGlobalSection
	GlobalSection(NestedProjects) = preSolution
		{EA39CAB5-FD43-44E7-AEFC-9295CF12B398} = {2EE2F270-972C-4122-A1DA-06C84A9256D1}
		{0EA254D6-76C2-4545-A988-5C842B99D60A} = {2EE2F270-972C-4122-A1DA-06C84A9256D1}
		{67C35453-9BCC-40BB-9CFA-1EAD92A040CC} = {66CFA479-34CE-44E8-83FC-9926DBB13D68}
		{5E24BF9D-9FD1-4042-8D22-F34429945A97} = {6BF39166-34C6-41BB-A88D-BD6CA577816A}
		{D0CB6E22-1694-49BD-AC42-DCFB7B565027} = {6BF39166-34C6-41BB-A88D-BD6CA577816A}
		{B65DC933-0E39-4445-BACB-B1672615BE90} = {CCF0C1FE-B1A4-4C8D-8C82-4311164A0082}
		{0DB39A0F-43E1-4A5A-94B8-650FB554F78E} = {84353406-CB26-4516-A3AE-391C1D613819}
	EndGlobalSection
	GlobalSection(ExtensibilityGlobals) = postSolution
		SolutionGuid = {858FB9FC-2CE7-4C13-88CA-BDBB087B71A9}
	EndGlobalSection
EndGlobal
